
Microsoft Visual Studio Solution File, Format Version 12.00
# Visual Studio Version 16
VisualStudioVersion = 16.0.30404.54
MinimumVisualStudioVersion = 10.0.40219.1
Project("{9A19103F-16F7-4668-BE54-9A1E7A4F7556}") = "GUNAAPugetSound", "GUNAAPugetSound\GUNAAPugetSound.csproj", "{2C8CF39D-4101-4845-88A0-70E1F2CC079D}"
EndProject
Project("{9A19103F-16F7-4668-BE54-9A1E7A4F7556}") = "LoggerService", "LoggerService\LoggerService.csproj", "{8A7565AF-9663-47AA-8322-C6F115B0BB22}"
EndProject
Project("{9A19103F-16F7-4668-BE54-9A1E7A4F7556}") = "Entities", "Entities\Entities.csproj", "{3F7CA7C9-DF72-4AF6-8244-992BA24AC579}"
EndProject
Project("{9A19103F-16F7-4668-BE54-9A1E7A4F7556}") = "Contracts", "Contracts\Contracts.csproj", "{FA23D7A0-F5EB-4916-B1BD-A5355A779FC8}"
EndProject
Project("{9A19103F-16F7-4668-BE54-9A1E7A4F7556}") = "Repository", "Repositiory\Repository.csproj", "{DA4A4BF0-9F70-4B16-95B5-E191FF8B3729}"
EndProject
Global
	GlobalSection(SolutionConfigurationPlatforms) = preSolution
		Debug|Any CPU = Debug|Any CPU
		Release|Any CPU = Release|Any CPU
	EndGlobalSection
	GlobalSection(ProjectConfigurationPlatforms) = postSolution
		{2C8CF39D-4101-4845-88A0-70E1F2CC079D}.Debug|Any CPU.ActiveCfg = Debug|Any CPU
		{2C8CF39D-4101-4845-88A0-70E1F2CC079D}.Debug|Any CPU.Build.0 = Debug|Any CPU
		{2C8CF39D-4101-4845-88A0-70E1F2CC079D}.Release|Any CPU.ActiveCfg = Release|Any CPU
		{2C8CF39D-4101-4845-88A0-70E1F2CC079D}.Release|Any CPU.Build.0 = Release|Any CPU
		{8A7565AF-9663-47AA-8322-C6F115B0BB22}.Debug|Any CPU.ActiveCfg = Debug|Any CPU
		{8A7565AF-9663-47AA-8322-C6F115B0BB22}.Debug|Any CPU.Build.0 = Debug|Any CPU
		{8A7565AF-9663-47AA-8322-C6F115B0BB22}.Release|Any CPU.ActiveCfg = Release|Any CPU
		{8A7565AF-9663-47AA-8322-C6F115B0BB22}.Release|Any CPU.Build.0 = Release|Any CPU
		{3F7CA7C9-DF72-4AF6-8244-992BA24AC579}.Debug|Any CPU.ActiveCfg = Debug|Any CPU
		{3F7CA7C9-DF72-4AF6-8244-992BA24AC579}.Debug|Any CPU.Build.0 = Debug|Any CPU
		{3F7CA7C9-DF72-4AF6-8244-992BA24AC579}.Release|Any CPU.ActiveCfg = Release|Any CPU
		{3F7CA7C9-DF72-4AF6-8244-992BA24AC579}.Release|Any CPU.Build.0 = Release|Any CPU
		{FA23D7A0-F5EB-4916-B1BD-A5355A779FC8}.Debug|Any CPU.ActiveCfg = Debug|Any CPU
		{FA23D7A0-F5EB-4916-B1BD-A5355A779FC8}.Debug|Any CPU.Build.0 = Debug|Any CPU
		{FA23D7A0-F5EB-4916-B1BD-A5355A779FC8}.Release|Any CPU.ActiveCfg = Release|Any CPU
		{FA23D7A0-F5EB-4916-B1BD-A5355A779FC8}.Release|Any CPU.Build.0 = Release|Any CPU
		{DA4A4BF0-9F70-4B16-95B5-E191FF8B3729}.Debug|Any CPU.ActiveCfg = Debug|Any CPU
		{DA4A4BF0-9F70-4B16-95B5-E191FF8B3729}.Debug|Any CPU.Build.0 = Debug|Any CPU
		{DA4A4BF0-9F70-4B16-95B5-E191FF8B3729}.Release|Any CPU.ActiveCfg = Release|Any CPU
		{DA4A4BF0-9F70-4B16-95B5-E191FF8B3729}.Release|Any CPU.Build.0 = Release|Any CPU
	EndGlobalSection
	GlobalSection(SolutionProperties) = preSolution
		HideSolutionNode = FALSE
	EndGlobalSection
	GlobalSection(ExtensibilityGlobals) = postSolution
		SolutionGuid = {6FF779FB-2ECD-409D-92A9-86DB79C991C3}
	EndGlobalSection
EndGlobal
